
Microsoft Visual Studio Solution File, Format Version 12.00
# Visual Studio Version 17
VisualStudioVersion = 17.10.35013.160
MinimumVisualStudioVersion = 10.0.40219.1
Project("{8BC9CEB8-8B4A-11D0-8D11-00A0C91BC942}") = "PatternMachine", "PatternMachine\PatternMachine.vcxproj", "{AC98E632-0723-4CA8-84F8-7D651C42242A}"
EndProject
Project("{8BC9CEB8-8B4A-11D0-8D11-00A0C91BC942}") = "TEST", "TEST\TEST.vcxproj", "{942CE91E-BB7F-482A-A752-80AC336C819F}"
EndProject
Global
	GlobalSection(SolutionConfigurationPlatforms) = preSolution
		Debug|x64 = Debug|x64
		Debug|x86 = Debug|x86
		Release|x64 = Release|x64
		Release|x86 = Release|x86
	EndGlobalSection
	GlobalSection(ProjectConfigurationPlatforms) = postSolution
		{AC98E632-0723-4CA8-84F8-7D651C42242A}.Debug|x64.ActiveCfg = Debug|x64
		{AC98E632-0723-4CA8-84F8-7D651C42242A}.Debug|x64.Build.0 = Debug|x64
		{AC98E632-0723-4CA8-84F8-7D651C42242A}.Debug|x86.ActiveCfg = Debug|Win32
		{AC98E632-0723-4CA8-84F8-7D651C42242A}.Debug|x86.Build.0 = Debug|Win32
		{AC98E632-0723-4CA8-84F8-7D651C42242A}.Release|x64.ActiveCfg = Release|x64
		{AC98E632-0723-4CA8-84F8-7D651C42242A}.Release|x64.Build.0 = Release|x64
		{AC98E632-0723-4CA8-84F8-7D651C42242A}.Release|x86.ActiveCfg = Release|Win32
		{AC98E632-0723-4CA8-84F8-7D651C42242A}.Release|x86.Build.0 = Release|Win32
		{942CE91E-BB7F-482A-A752-80AC336C819F}.Debug|x64.ActiveCfg = Debug|x64
		{942CE91E-BB7F-482A-A752-80AC336C819F}.Debug|x64.Build.0 = Debug|x64
		{942CE91E-BB7F-482A-A752-80AC336C819F}.Debug|x86.ActiveCfg = Debug|Win32
		{942CE91E-BB7F-482A-A752-80AC336C819F}.Debug|x86.Build.0 = Debug|Win32
		{942CE91E-BB7F-482A-A752-80AC336C819F}.Release|x64.ActiveCfg = Release|x64
		{942CE91E-BB7F-482A-A752-80AC336C819F}.Release|x64.Build.0 = Release|x64
		{942CE91E-BB7F-482A-A752-80AC336C819F}.Release|x86.ActiveCfg = Release|Win32
		{942CE91E-BB7F-482A-A752-80AC336C819F}.Release|x86.Build.0 = Release|Win32
	EndGlobalSection
	GlobalSection(SolutionProperties) = preSolution
		HideSolutionNode = FALSE
	EndGlobalSection
	GlobalSection(ExtensibilityGlobals) = postSolution
		SolutionGuid = {7D5A1A28-A759-4FF9-88D3-D9BA337D8AD3}
	EndGlobalSection
EndGlobal
